// !$*UTF8*$!
{
	archiveVersion = 1;
	classes = {
	};
	objectVersion = 48;
	objects = {

/* Begin PBXBuildFile section */
		0F3E843C1F8609A6001BFBCD /* UserInfoSaver.swift in Sources */ = {isa = PBXBuildFile; fileRef = 0F3E843B1F8609A6001BFBCD /* UserInfoSaver.swift */; };
		0F3E843E1F860A37001BFBCD /* User.swift in Sources */ = {isa = PBXBuildFile; fileRef = 0F3E843D1F860A37001BFBCD /* User.swift */; };
		0F3E84411F861449001BFBCD /* SearchStudentVC.swift in Sources */ = {isa = PBXBuildFile; fileRef = 0F3E843F1F861449001BFBCD /* SearchStudentVC.swift */; };
		0F3E84421F861449001BFBCD /* SearchStudentVC.xib in Resources */ = {isa = PBXBuildFile; fileRef = 0F3E84401F861449001BFBCD /* SearchStudentVC.xib */; };
		0F3E84451F86234F001BFBCD /* ResponseLogin.swift in Sources */ = {isa = PBXBuildFile; fileRef = 0F3E84441F86234F001BFBCD /* ResponseLogin.swift */; };
		0F3E84481F862701001BFBCD /* AuthResultVC.swift in Sources */ = {isa = PBXBuildFile; fileRef = 0F3E84461F862701001BFBCD /* AuthResultVC.swift */; };
		0F3E84491F862701001BFBCD /* AuthResultVC.xib in Resources */ = {isa = PBXBuildFile; fileRef = 0F3E84471F862701001BFBCD /* AuthResultVC.xib */; };
		0F3E844B1F862CDB001BFBCD /* Content.swift in Sources */ = {isa = PBXBuildFile; fileRef = 0F3E844A1F862CDB001BFBCD /* Content.swift */; };
		0F3E844E1F86514B001BFBCD /* SearchStudentCell.swift in Sources */ = {isa = PBXBuildFile; fileRef = 0F3E844C1F86514A001BFBCD /* SearchStudentCell.swift */; };
		0F3E844F1F86514B001BFBCD /* SearchStudentCell.xib in Resources */ = {isa = PBXBuildFile; fileRef = 0F3E844D1F86514A001BFBCD /* SearchStudentCell.xib */; };
		0F3E84531F865334001BFBCD /* CommentCell.swift in Sources */ = {isa = PBXBuildFile; fileRef = 0F3E84511F865334001BFBCD /* CommentCell.swift */; };
		0F3E84541F865334001BFBCD /* CommentCell.xib in Resources */ = {isa = PBXBuildFile; fileRef = 0F3E84521F865334001BFBCD /* CommentCell.xib */; };
		0F3E84571F865E80001BFBCD /* Style.swift in Sources */ = {isa = PBXBuildFile; fileRef = 0F3E84561F865E80001BFBCD /* Style.swift */; };
		0F3E84591F865EA0001BFBCD /* UIColor.swift in Sources */ = {isa = PBXBuildFile; fileRef = 0F3E84581F865EA0001BFBCD /* UIColor.swift */; };
		0F3E845B1F866B5E001BFBCD /* Specialty.swift in Sources */ = {isa = PBXBuildFile; fileRef = 0F3E845A1F866B5E001BFBCD /* Specialty.swift */; };
		0F4C63451F851BE4002015EF /* Lesson.swift in Sources */ = {isa = PBXBuildFile; fileRef = 0F4C63441F851BE4002015EF /* Lesson.swift */; };
		0F4C63471F851D4A002015EF /* UICollectionView.swift in Sources */ = {isa = PBXBuildFile; fileRef = 0F4C63461F851D4A002015EF /* UICollectionView.swift */; };
		0F4C634E1F852560002015EF /* UITableView.swift in Sources */ = {isa = PBXBuildFile; fileRef = 0F4C634D1F852560002015EF /* UITableView.swift */; };
		0F4C63511F85266D002015EF /* DetailLessonVC.swift in Sources */ = {isa = PBXBuildFile; fileRef = 0F4C634F1F85266D002015EF /* DetailLessonVC.swift */; };
		0F4C63521F85266D002015EF /* DetailLessonVC.xib in Resources */ = {isa = PBXBuildFile; fileRef = 0F4C63501F85266D002015EF /* DetailLessonVC.xib */; };
		0F51D11D1F86B5E900FD94DB /* DescriptionVC.swift in Sources */ = {isa = PBXBuildFile; fileRef = 0F51D11B1F86B5E900FD94DB /* DescriptionVC.swift */; };
		0F51D11E1F86B5E900FD94DB /* DescriptionVC.xib in Resources */ = {isa = PBXBuildFile; fileRef = 0F51D11C1F86B5E900FD94DB /* DescriptionVC.xib */; };
		0F8D2F991F850DAC009810A1 /* AppDelegate.swift in Sources */ = {isa = PBXBuildFile; fileRef = 0F8D2F981F850DAC009810A1 /* AppDelegate.swift */; };
		0F8D2FA01F850DAC009810A1 /* Assets.xcassets in Resources */ = {isa = PBXBuildFile; fileRef = 0F8D2F9F1F850DAC009810A1 /* Assets.xcassets */; };
		0F8D2FA31F850DAC009810A1 /* LaunchScreen.storyboard in Resources */ = {isa = PBXBuildFile; fileRef = 0F8D2FA11F850DAC009810A1 /* LaunchScreen.storyboard */; };
		0F8D2FAC1F850E7A009810A1 /* HomeVC.swift in Sources */ = {isa = PBXBuildFile; fileRef = 0F8D2FAA1F850E7A009810A1 /* HomeVC.swift */; };
		0F8D2FAD1F850E7A009810A1 /* HomeVC.xib in Resources */ = {isa = PBXBuildFile; fileRef = 0F8D2FAB1F850E7A009810A1 /* HomeVC.xib */; };
		0F8D2FB11F851336009810A1 /* LeftMenuVC.swift in Sources */ = {isa = PBXBuildFile; fileRef = 0F8D2FAF1F851336009810A1 /* LeftMenuVC.swift */; };
		0F8D2FB21F851336009810A1 /* LeftMenuVC.xib in Resources */ = {isa = PBXBuildFile; fileRef = 0F8D2FB01F851336009810A1 /* LeftMenuVC.xib */; };
		0F8D2FB51F85137B009810A1 /* NSObject.swift in Sources */ = {isa = PBXBuildFile; fileRef = 0F8D2FB41F85137B009810A1 /* NSObject.swift */; };
		0F8D2FB81F851471009810A1 /* DefaultVC.swift in Sources */ = {isa = PBXBuildFile; fileRef = 0F8D2FB71F851471009810A1 /* DefaultVC.swift */; };
		0F8D2FBA1F85189D009810A1 /* Subject.swift in Sources */ = {isa = PBXBuildFile; fileRef = 0F8D2FB91F85189D009810A1 /* Subject.swift */; };
		0F8D2FBE1F851954009810A1 /* SubjectCollectionViewCell.swift in Sources */ = {isa = PBXBuildFile; fileRef = 0F8D2FBC1F851954009810A1 /* SubjectCollectionViewCell.swift */; };
		0F8D2FBF1F851954009810A1 /* SubjectCollectionViewCell.xib in Resources */ = {isa = PBXBuildFile; fileRef = 0F8D2FBD1F851954009810A1 /* SubjectCollectionViewCell.xib */; };
		0F9E0BEC1F854532000542DE /* CommentVC.swift in Sources */ = {isa = PBXBuildFile; fileRef = 0F9E0BEA1F854532000542DE /* CommentVC.swift */; };
		0F9E0BED1F854532000542DE /* CommentVC.xib in Resources */ = {isa = PBXBuildFile; fileRef = 0F9E0BEB1F854532000542DE /* CommentVC.xib */; };
		0FEAC03B1F868E4E0059DA0F /* ProfileVC.swift in Sources */ = {isa = PBXBuildFile; fileRef = 0FEAC0391F868E4E0059DA0F /* ProfileVC.swift */; };
		0FEAC03C1F868E4E0059DA0F /* ProfileVC.xib in Resources */ = {isa = PBXBuildFile; fileRef = 0FEAC03A1F868E4E0059DA0F /* ProfileVC.xib */; };
		0FF868731F852E180065CE83 /* QuizVC.swift in Sources */ = {isa = PBXBuildFile; fileRef = 0FF868711F852E180065CE83 /* QuizVC.swift */; };
		0FF868741F852E180065CE83 /* QuizVC.xib in Resources */ = {isa = PBXBuildFile; fileRef = 0FF868721F852E180065CE83 /* QuizVC.xib */; };
		0FF868781F8531390065CE83 /* LeftMenuCell.swift in Sources */ = {isa = PBXBuildFile; fileRef = 0FF868761F8531390065CE83 /* LeftMenuCell.swift */; };
		0FF868791F8531390065CE83 /* LeftMenuCell.xib in Resources */ = {isa = PBXBuildFile; fileRef = 0FF868771F8531390065CE83 /* LeftMenuCell.xib */; };
		0FF8687D1F85342B0065CE83 /* AuthVC.swift in Sources */ = {isa = PBXBuildFile; fileRef = 0FF8687B1F85342B0065CE83 /* AuthVC.swift */; };
		0FF8687E1F85342B0065CE83 /* AuthVC.xib in Resources */ = {isa = PBXBuildFile; fileRef = 0FF8687C1F85342B0065CE83 /* AuthVC.xib */; };
		68294190DB625BB37D32286D /* Pods_weShare.framework in Frameworks */ = {isa = PBXBuildFile; fileRef = C66FB0373AB7C734341719B3 /* Pods_weShare.framework */; };
/* End PBXBuildFile section */

/* Begin PBXFileReference section */
		0F3E843B1F8609A6001BFBCD /* UserInfoSaver.swift */ = {isa = PBXFileReference; lastKnownFileType = sourcecode.swift; path = UserInfoSaver.swift; sourceTree = "<group>"; };
		0F3E843D1F860A37001BFBCD /* User.swift */ = {isa = PBXFileReference; lastKnownFileType = sourcecode.swift; path = User.swift; sourceTree = "<group>"; };
		0F3E843F1F861449001BFBCD /* SearchStudentVC.swift */ = {isa = PBXFileReference; lastKnownFileType = sourcecode.swift; path = SearchStudentVC.swift; sourceTree = "<group>"; };
		0F3E84401F861449001BFBCD /* SearchStudentVC.xib */ = {isa = PBXFileReference; lastKnownFileType = file.xib; path = SearchStudentVC.xib; sourceTree = "<group>"; };
		0F3E84441F86234F001BFBCD /* ResponseLogin.swift */ = {isa = PBXFileReference; lastKnownFileType = sourcecode.swift; path = ResponseLogin.swift; sourceTree = "<group>"; };
		0F3E84461F862701001BFBCD /* AuthResultVC.swift */ = {isa = PBXFileReference; lastKnownFileType = sourcecode.swift; path = AuthResultVC.swift; sourceTree = "<group>"; };
		0F3E84471F862701001BFBCD /* AuthResultVC.xib */ = {isa = PBXFileReference; lastKnownFileType = file.xib; path = AuthResultVC.xib; sourceTree = "<group>"; };
		0F3E844A1F862CDB001BFBCD /* Content.swift */ = {isa = PBXFileReference; lastKnownFileType = sourcecode.swift; path = Content.swift; sourceTree = "<group>"; };
		0F3E844C1F86514A001BFBCD /* SearchStudentCell.swift */ = {isa = PBXFileReference; lastKnownFileType = sourcecode.swift; path = SearchStudentCell.swift; sourceTree = "<group>"; };
		0F3E844D1F86514A001BFBCD /* SearchStudentCell.xib */ = {isa = PBXFileReference; lastKnownFileType = file.xib; path = SearchStudentCell.xib; sourceTree = "<group>"; };
		0F3E84511F865334001BFBCD /* CommentCell.swift */ = {isa = PBXFileReference; lastKnownFileType = sourcecode.swift; path = CommentCell.swift; sourceTree = "<group>"; };
		0F3E84521F865334001BFBCD /* CommentCell.xib */ = {isa = PBXFileReference; lastKnownFileType = file.xib; path = CommentCell.xib; sourceTree = "<group>"; };
		0F3E84561F865E80001BFBCD /* Style.swift */ = {isa = PBXFileReference; lastKnownFileType = sourcecode.swift; path = Style.swift; sourceTree = "<group>"; };
		0F3E84581F865EA0001BFBCD /* UIColor.swift */ = {isa = PBXFileReference; lastKnownFileType = sourcecode.swift; path = UIColor.swift; sourceTree = "<group>"; };
		0F3E845A1F866B5E001BFBCD /* Specialty.swift */ = {isa = PBXFileReference; lastKnownFileType = sourcecode.swift; path = Specialty.swift; sourceTree = "<group>"; };
		0F4C63441F851BE4002015EF /* Lesson.swift */ = {isa = PBXFileReference; lastKnownFileType = sourcecode.swift; path = Lesson.swift; sourceTree = "<group>"; };
		0F4C63461F851D4A002015EF /* UICollectionView.swift */ = {isa = PBXFileReference; lastKnownFileType = sourcecode.swift; path = UICollectionView.swift; sourceTree = "<group>"; };
		0F4C634D1F852560002015EF /* UITableView.swift */ = {isa = PBXFileReference; lastKnownFileType = sourcecode.swift; path = UITableView.swift; sourceTree = "<group>"; };
		0F4C634F1F85266D002015EF /* DetailLessonVC.swift */ = {isa = PBXFileReference; lastKnownFileType = sourcecode.swift; path = DetailLessonVC.swift; sourceTree = "<group>"; };
		0F4C63501F85266D002015EF /* DetailLessonVC.xib */ = {isa = PBXFileReference; lastKnownFileType = file.xib; path = DetailLessonVC.xib; sourceTree = "<group>"; };
		0F51D11B1F86B5E900FD94DB /* DescriptionVC.swift */ = {isa = PBXFileReference; lastKnownFileType = sourcecode.swift; path = DescriptionVC.swift; sourceTree = "<group>"; };
		0F51D11C1F86B5E900FD94DB /* DescriptionVC.xib */ = {isa = PBXFileReference; lastKnownFileType = file.xib; path = DescriptionVC.xib; sourceTree = "<group>"; };
		0F8D2F951F850DAC009810A1 /* weShare.app */ = {isa = PBXFileReference; explicitFileType = wrapper.application; includeInIndex = 0; path = weShare.app; sourceTree = BUILT_PRODUCTS_DIR; };
		0F8D2F981F850DAC009810A1 /* AppDelegate.swift */ = {isa = PBXFileReference; lastKnownFileType = sourcecode.swift; path = AppDelegate.swift; sourceTree = "<group>"; };
		0F8D2F9F1F850DAC009810A1 /* Assets.xcassets */ = {isa = PBXFileReference; lastKnownFileType = folder.assetcatalog; path = Assets.xcassets; sourceTree = "<group>"; };
		0F8D2FA21F850DAC009810A1 /* Base */ = {isa = PBXFileReference; lastKnownFileType = file.storyboard; name = Base; path = Base.lproj/LaunchScreen.storyboard; sourceTree = "<group>"; };
		0F8D2FA41F850DAC009810A1 /* Info.plist */ = {isa = PBXFileReference; lastKnownFileType = text.plist.xml; path = Info.plist; sourceTree = "<group>"; };
		0F8D2FAA1F850E7A009810A1 /* HomeVC.swift */ = {isa = PBXFileReference; lastKnownFileType = sourcecode.swift; path = HomeVC.swift; sourceTree = "<group>"; };
		0F8D2FAB1F850E7A009810A1 /* HomeVC.xib */ = {isa = PBXFileReference; lastKnownFileType = file.xib; path = HomeVC.xib; sourceTree = "<group>"; };
		0F8D2FAF1F851336009810A1 /* LeftMenuVC.swift */ = {isa = PBXFileReference; lastKnownFileType = sourcecode.swift; path = LeftMenuVC.swift; sourceTree = "<group>"; };
		0F8D2FB01F851336009810A1 /* LeftMenuVC.xib */ = {isa = PBXFileReference; lastKnownFileType = file.xib; path = LeftMenuVC.xib; sourceTree = "<group>"; };
		0F8D2FB41F85137B009810A1 /* NSObject.swift */ = {isa = PBXFileReference; lastKnownFileType = sourcecode.swift; path = NSObject.swift; sourceTree = "<group>"; };
		0F8D2FB71F851471009810A1 /* DefaultVC.swift */ = {isa = PBXFileReference; lastKnownFileType = sourcecode.swift; path = DefaultVC.swift; sourceTree = "<group>"; };
		0F8D2FB91F85189D009810A1 /* Subject.swift */ = {isa = PBXFileReference; lastKnownFileType = sourcecode.swift; path = Subject.swift; sourceTree = "<group>"; };
		0F8D2FBC1F851954009810A1 /* SubjectCollectionViewCell.swift */ = {isa = PBXFileReference; lastKnownFileType = sourcecode.swift; path = SubjectCollectionViewCell.swift; sourceTree = "<group>"; };
		0F8D2FBD1F851954009810A1 /* SubjectCollectionViewCell.xib */ = {isa = PBXFileReference; lastKnownFileType = file.xib; path = SubjectCollectionViewCell.xib; sourceTree = "<group>"; };
		0F9E0BEA1F854532000542DE /* CommentVC.swift */ = {isa = PBXFileReference; lastKnownFileType = sourcecode.swift; path = CommentVC.swift; sourceTree = "<group>"; };
		0F9E0BEB1F854532000542DE /* CommentVC.xib */ = {isa = PBXFileReference; lastKnownFileType = file.xib; path = CommentVC.xib; sourceTree = "<group>"; };
		0FEAC0391F868E4E0059DA0F /* ProfileVC.swift */ = {isa = PBXFileReference; lastKnownFileType = sourcecode.swift; path = ProfileVC.swift; sourceTree = "<group>"; };
		0FEAC03A1F868E4E0059DA0F /* ProfileVC.xib */ = {isa = PBXFileReference; lastKnownFileType = file.xib; path = ProfileVC.xib; sourceTree = "<group>"; };
		0FF868711F852E180065CE83 /* QuizVC.swift */ = {isa = PBXFileReference; lastKnownFileType = sourcecode.swift; path = QuizVC.swift; sourceTree = "<group>"; };
		0FF868721F852E180065CE83 /* QuizVC.xib */ = {isa = PBXFileReference; lastKnownFileType = file.xib; path = QuizVC.xib; sourceTree = "<group>"; };
		0FF868761F8531390065CE83 /* LeftMenuCell.swift */ = {isa = PBXFileReference; lastKnownFileType = sourcecode.swift; path = LeftMenuCell.swift; sourceTree = "<group>"; };
		0FF868771F8531390065CE83 /* LeftMenuCell.xib */ = {isa = PBXFileReference; lastKnownFileType = file.xib; path = LeftMenuCell.xib; sourceTree = "<group>"; };
		0FF8687B1F85342B0065CE83 /* AuthVC.swift */ = {isa = PBXFileReference; lastKnownFileType = sourcecode.swift; path = AuthVC.swift; sourceTree = "<group>"; };
		0FF8687C1F85342B0065CE83 /* AuthVC.xib */ = {isa = PBXFileReference; lastKnownFileType = file.xib; path = AuthVC.xib; sourceTree = "<group>"; };
		A0DBED7B63CC484EEC467A99 /* Pods-weShare.debug.xcconfig */ = {isa = PBXFileReference; includeInIndex = 1; lastKnownFileType = text.xcconfig; name = "Pods-weShare.debug.xcconfig"; path = "Pods/Target Support Files/Pods-weShare/Pods-weShare.debug.xcconfig"; sourceTree = "<group>"; };
		C66FB0373AB7C734341719B3 /* Pods_weShare.framework */ = {isa = PBXFileReference; explicitFileType = wrapper.framework; includeInIndex = 0; path = Pods_weShare.framework; sourceTree = BUILT_PRODUCTS_DIR; };
		E2045E441683979471D6B299 /* Pods-weShare.release.xcconfig */ = {isa = PBXFileReference; includeInIndex = 1; lastKnownFileType = text.xcconfig; name = "Pods-weShare.release.xcconfig"; path = "Pods/Target Support Files/Pods-weShare/Pods-weShare.release.xcconfig"; sourceTree = "<group>"; };
/* End PBXFileReference section */

/* Begin PBXFrameworksBuildPhase section */
		0F8D2F921F850DAC009810A1 /* Frameworks */ = {
			isa = PBXFrameworksBuildPhase;
			buildActionMask = 2147483647;
			files = (
				68294190DB625BB37D32286D /* Pods_weShare.framework in Frameworks */,
			);
			runOnlyForDeploymentPostprocessing = 0;
		};
/* End PBXFrameworksBuildPhase section */

/* Begin PBXGroup section */
		0F3E84431F86144E001BFBCD /* SearchStudentVC */ = {
			isa = PBXGroup;
			children = (
				0F3E843F1F861449001BFBCD /* SearchStudentVC.swift */,
				0F3E84401F861449001BFBCD /* SearchStudentVC.xib */,
				0F3E84501F865157001BFBCD /* SearchStudentCell */,
			);
			path = SearchStudentVC;
			sourceTree = "<group>";
		};
		0F3E84501F865157001BFBCD /* SearchStudentCell */ = {
			isa = PBXGroup;
			children = (
				0F3E844C1F86514A001BFBCD /* SearchStudentCell.swift */,
				0F3E844D1F86514A001BFBCD /* SearchStudentCell.xib */,
			);
			path = SearchStudentCell;
			sourceTree = "<group>";
		};
		0F3E84551F865338001BFBCD /* CommentCell */ = {
			isa = PBXGroup;
			children = (
				0F3E84511F865334001BFBCD /* CommentCell.swift */,
				0F3E84521F865334001BFBCD /* CommentCell.xib */,
			);
			path = CommentCell;
			sourceTree = "<group>";
		};
		0F4C63531F852671002015EF /* DetailLessonVC */ = {
			isa = PBXGroup;
			children = (
				0F4C634F1F85266D002015EF /* DetailLessonVC.swift */,
				0F4C63501F85266D002015EF /* DetailLessonVC.xib */,
				0F51D11F1F86B5ED00FD94DB /* DescriptionVC */,
			);
			path = DetailLessonVC;
			sourceTree = "<group>";
		};
		0F51D11F1F86B5ED00FD94DB /* DescriptionVC */ = {
			isa = PBXGroup;
			children = (
				0F51D11B1F86B5E900FD94DB /* DescriptionVC.swift */,
				0F51D11C1F86B5E900FD94DB /* DescriptionVC.xib */,
			);
			path = DescriptionVC;
			sourceTree = "<group>";
		};
		0F8D2F8C1F850DAC009810A1 = {
			isa = PBXGroup;
			children = (
				0F8D2F971F850DAC009810A1 /* weShare */,
				0F8D2F961F850DAC009810A1 /* Products */,
				A112281122CA8D435DA7A596 /* Pods */,
				84BEA515CDDE19052959644F /* Frameworks */,
			);
			sourceTree = "<group>";
		};
		0F8D2F961F850DAC009810A1 /* Products */ = {
			isa = PBXGroup;
			children = (
				0F8D2F951F850DAC009810A1 /* weShare.app */,
			);
			name = Products;
			sourceTree = "<group>";
		};
		0F8D2F971F850DAC009810A1 /* weShare */ = {
			isa = PBXGroup;
			children = (
				0F8D2FAE1F850E80009810A1 /* Home */,
				0F8D2FB31F85133B009810A1 /* LeftMenuVC */,
				0F4C63531F852671002015EF /* DetailLessonVC */,
				0FF868751F852E1F0065CE83 /* QuizVC */,
				0FF8687F1F8534320065CE83 /* AuthVC */,
				0F9E0BEE1F854536000542DE /* CommentVC */,
				0F3E84431F86144E001BFBCD /* SearchStudentVC */,
				0FEAC03D1F868E6F0059DA0F /* ProfileVC */,
				0FFA61D41F8683D6002EBCB3 /* Custom */,
				0F8D2FBB1F8518ED009810A1 /* Model */,
				0F8D2FB61F851385009810A1 /* Extension */,
				0F8D2F981F850DAC009810A1 /* AppDelegate.swift */,
				0F8D2FB71F851471009810A1 /* DefaultVC.swift */,
				0F8D2F9F1F850DAC009810A1 /* Assets.xcassets */,
				0F8D2FA11F850DAC009810A1 /* LaunchScreen.storyboard */,
				0F8D2FA41F850DAC009810A1 /* Info.plist */,
			);
			path = weShare;
			sourceTree = "<group>";
		};
		0F8D2FAE1F850E80009810A1 /* Home */ = {
			isa = PBXGroup;
			children = (
				0F8D2FAA1F850E7A009810A1 /* HomeVC.swift */,
				0F8D2FAB1F850E7A009810A1 /* HomeVC.xib */,
				0F8D2FC01F85195C009810A1 /* SubjectCollectionCell */,
			);
			path = Home;
			sourceTree = "<group>";
		};
		0F8D2FB31F85133B009810A1 /* LeftMenuVC */ = {
			isa = PBXGroup;
			children = (
				0F8D2FAF1F851336009810A1 /* LeftMenuVC.swift */,
				0F8D2FB01F851336009810A1 /* LeftMenuVC.xib */,
				0FF8687A1F85313E0065CE83 /* LeftMenuCell */,
			);
			name = LeftMenuVC;
			sourceTree = "<group>";
		};
		0F8D2FB61F851385009810A1 /* Extension */ = {
			isa = PBXGroup;
			children = (
				0F8D2FB41F85137B009810A1 /* NSObject.swift */,
				0F4C634D1F852560002015EF /* UITableView.swift */,
				0F4C63461F851D4A002015EF /* UICollectionView.swift */,
				0F3E84581F865EA0001BFBCD /* UIColor.swift */,
			);
			path = Extension;
			sourceTree = "<group>";
		};
		0F8D2FBB1F8518ED009810A1 /* Model */ = {
			isa = PBXGroup;
			children = (
				0F4C63441F851BE4002015EF /* Lesson.swift */,
				0F3E844A1F862CDB001BFBCD /* Content.swift */,
				0F3E84441F86234F001BFBCD /* ResponseLogin.swift */,
				0F8D2FB91F85189D009810A1 /* Subject.swift */,
				0F3E843D1F860A37001BFBCD /* User.swift */,
				0F3E845A1F866B5E001BFBCD /* Specialty.swift */,
			);
			path = Model;
			sourceTree = "<group>";
		};
		0F8D2FC01F85195C009810A1 /* SubjectCollectionCell */ = {
			isa = PBXGroup;
			children = (
				0F8D2FBC1F851954009810A1 /* SubjectCollectionViewCell.swift */,
				0F8D2FBD1F851954009810A1 /* SubjectCollectionViewCell.xib */,
			);
			path = SubjectCollectionCell;
			sourceTree = "<group>";
		};
		0F9E0BEE1F854536000542DE /* CommentVC */ = {
			isa = PBXGroup;
			children = (
				0F9E0BEA1F854532000542DE /* CommentVC.swift */,
				0F9E0BEB1F854532000542DE /* CommentVC.xib */,
				0F3E84551F865338001BFBCD /* CommentCell */,
			);
			path = CommentVC;
			sourceTree = "<group>";
		};
		0FEAC03D1F868E6F0059DA0F /* ProfileVC */ = {
			isa = PBXGroup;
			children = (
				0FEAC0391F868E4E0059DA0F /* ProfileVC.swift */,
				0FEAC03A1F868E4E0059DA0F /* ProfileVC.xib */,
			);
			path = ProfileVC;
			sourceTree = "<group>";
		};
		0FF868751F852E1F0065CE83 /* QuizVC */ = {
			isa = PBXGroup;
			children = (
				0FF868711F852E180065CE83 /* QuizVC.swift */,
				0FF868721F852E180065CE83 /* QuizVC.xib */,
			);
			path = QuizVC;
			sourceTree = "<group>";
		};
		0FF8687A1F85313E0065CE83 /* LeftMenuCell */ = {
			isa = PBXGroup;
			children = (
				0FF868761F8531390065CE83 /* LeftMenuCell.swift */,
				0FF868771F8531390065CE83 /* LeftMenuCell.xib */,
			);
			name = LeftMenuCell;
			sourceTree = "<group>";
		};
		0FF8687F1F8534320065CE83 /* AuthVC */ = {
			isa = PBXGroup;
			children = (
				0F3E843B1F8609A6001BFBCD /* UserInfoSaver.swift */,
				0FF8687B1F85342B0065CE83 /* AuthVC.swift */,
				0FF8687C1F85342B0065CE83 /* AuthVC.xib */,
				0F3E84461F862701001BFBCD /* AuthResultVC.swift */,
				0F3E84471F862701001BFBCD /* AuthResultVC.xib */,
			);
			path = AuthVC;
			sourceTree = "<group>";
		};
		0FFA61D41F8683D6002EBCB3 /* Custom */ = {
			isa = PBXGroup;
			children = (
				0F3E84561F865E80001BFBCD /* Style.swift */,
			);
			path = Custom;
			sourceTree = "<group>";
		};
		84BEA515CDDE19052959644F /* Frameworks */ = {
			isa = PBXGroup;
			children = (
				C66FB0373AB7C734341719B3 /* Pods_weShare.framework */,
			);
			name = Frameworks;
			sourceTree = "<group>";
		};
		A112281122CA8D435DA7A596 /* Pods */ = {
			isa = PBXGroup;
			children = (
				A0DBED7B63CC484EEC467A99 /* Pods-weShare.debug.xcconfig */,
				E2045E441683979471D6B299 /* Pods-weShare.release.xcconfig */,
			);
			name = Pods;
			sourceTree = "<group>";
		};
/* End PBXGroup section */

/* Begin PBXNativeTarget section */
		0F8D2F941F850DAC009810A1 /* weShare */ = {
			isa = PBXNativeTarget;
			buildConfigurationList = 0F8D2FA71F850DAC009810A1 /* Build configuration list for PBXNativeTarget "weShare" */;
			buildPhases = (
				4EB437C7BB5CCC67B181B3E1 /* [CP] Check Pods Manifest.lock */,
				0F8D2F911F850DAC009810A1 /* Sources */,
				0F8D2F921F850DAC009810A1 /* Frameworks */,
				0F8D2F931F850DAC009810A1 /* Resources */,
				1A33587520585296B9268A58 /* [CP] Embed Pods Frameworks */,
				ED41E74B4158C834EFBF248E /* [CP] Copy Pods Resources */,
			);
			buildRules = (
			);
			dependencies = (
			);
			name = weShare;
			productName = weShare;
			productReference = 0F8D2F951F850DAC009810A1 /* weShare.app */;
			productType = "com.apple.product-type.application";
		};
/* End PBXNativeTarget section */

/* Begin PBXProject section */
		0F8D2F8D1F850DAC009810A1 /* Project object */ = {
			isa = PBXProject;
			attributes = {
				LastSwiftUpdateCheck = 0900;
				LastUpgradeCheck = 0900;
				ORGANIZATIONNAME = "TRAING Serey";
				TargetAttributes = {
					0F8D2F941F850DAC009810A1 = {
						CreatedOnToolsVersion = 9.0;
						ProvisioningStyle = Automatic;
					};
				};
			};
			buildConfigurationList = 0F8D2F901F850DAC009810A1 /* Build configuration list for PBXProject "weShare" */;
			compatibilityVersion = "Xcode 8.0";
			developmentRegion = en;
			hasScannedForEncodings = 0;
			knownRegions = (
				en,
				Base,
			);
			mainGroup = 0F8D2F8C1F850DAC009810A1;
			productRefGroup = 0F8D2F961F850DAC009810A1 /* Products */;
			projectDirPath = "";
			projectRoot = "";
			targets = (
				0F8D2F941F850DAC009810A1 /* weShare */,
			);
		};
/* End PBXProject section */

/* Begin PBXResourcesBuildPhase section */
		0F8D2F931F850DAC009810A1 /* Resources */ = {
			isa = PBXResourcesBuildPhase;
			buildActionMask = 2147483647;
			files = (
				0FF868791F8531390065CE83 /* LeftMenuCell.xib in Resources */,
				0FEAC03C1F868E4E0059DA0F /* ProfileVC.xib in Resources */,
				0F51D11E1F86B5E900FD94DB /* DescriptionVC.xib in Resources */,
				0F8D2FB21F851336009810A1 /* LeftMenuVC.xib in Resources */,
				0F3E84541F865334001BFBCD /* CommentCell.xib in Resources */,
				0F8D2FA31F850DAC009810A1 /* LaunchScreen.storyboard in Resources */,
				0F4C63521F85266D002015EF /* DetailLessonVC.xib in Resources */,
				0F8D2FBF1F851954009810A1 /* SubjectCollectionViewCell.xib in Resources */,
				0F3E84421F861449001BFBCD /* SearchStudentVC.xib in Resources */,
				0F8D2FAD1F850E7A009810A1 /* HomeVC.xib in Resources */,
				0F3E844F1F86514B001BFBCD /* SearchStudentCell.xib in Resources */,
				0FF8687E1F85342B0065CE83 /* AuthVC.xib in Resources */,
				0F8D2FA01F850DAC009810A1 /* Assets.xcassets in Resources */,
				0F3E84491F862701001BFBCD /* AuthResultVC.xib in Resources */,
				0F9E0BED1F854532000542DE /* CommentVC.xib in Resources */,
				0FF868741F852E180065CE83 /* QuizVC.xib in Resources */,
			);
			runOnlyForDeploymentPostprocessing = 0;
		};
/* End PBXResourcesBuildPhase section */

/* Begin PBXShellScriptBuildPhase section */
		1A33587520585296B9268A58 /* [CP] Embed Pods Frameworks */ = {
			isa = PBXShellScriptBuildPhase;
			buildActionMask = 2147483647;
			files = (
			);
			inputPaths = (
			);
			name = "[CP] Embed Pods Frameworks";
			outputPaths = (
			);
			runOnlyForDeploymentPostprocessing = 0;
			shellPath = /bin/sh;
			shellScript = "\"${SRCROOT}/Pods/Target Support Files/Pods-weShare/Pods-weShare-frameworks.sh\"\n";
			showEnvVarsInLog = 0;
		};
		4EB437C7BB5CCC67B181B3E1 /* [CP] Check Pods Manifest.lock */ = {
			isa = PBXShellScriptBuildPhase;
			buildActionMask = 2147483647;
			files = (
			);
			inputPaths = (
			);
			name = "[CP] Check Pods Manifest.lock";
			outputPaths = (
			);
			runOnlyForDeploymentPostprocessing = 0;
			shellPath = /bin/sh;
			shellScript = "diff \"${PODS_ROOT}/../Podfile.lock\" \"${PODS_ROOT}/Manifest.lock\" > /dev/null\nif [ $? != 0 ] ; then\n    # print error to STDERR\n    echo \"error: The sandbox is not in sync with the Podfile.lock. Run 'pod install' or update your CocoaPods installation.\" >&2\n    exit 1\nfi\n";
			showEnvVarsInLog = 0;
		};
		ED41E74B4158C834EFBF248E /* [CP] Copy Pods Resources */ = {
			isa = PBXShellScriptBuildPhase;
			buildActionMask = 2147483647;
			files = (
			);
			inputPaths = (
			);
			name = "[CP] Copy Pods Resources";
			outputPaths = (
			);
			runOnlyForDeploymentPostprocessing = 0;
			shellPath = /bin/sh;
			shellScript = "\"${SRCROOT}/Pods/Target Support Files/Pods-weShare/Pods-weShare-resources.sh\"\n";
			showEnvVarsInLog = 0;
		};
/* End PBXShellScriptBuildPhase section */

/* Begin PBXSourcesBuildPhase section */
		0F8D2F911F850DAC009810A1 /* Sources */ = {
			isa = PBXSourcesBuildPhase;
			buildActionMask = 2147483647;
			files = (
				0F4C63471F851D4A002015EF /* UICollectionView.swift in Sources */,
				0FF868731F852E180065CE83 /* QuizVC.swift in Sources */,
				0FF8687D1F85342B0065CE83 /* AuthVC.swift in Sources */,
				0FEAC03B1F868E4E0059DA0F /* ProfileVC.swift in Sources */,
				0F3E84481F862701001BFBCD /* AuthResultVC.swift in Sources */,
				0FF868781F8531390065CE83 /* LeftMenuCell.swift in Sources */,
				0F3E84571F865E80001BFBCD /* Style.swift in Sources */,
				0F3E84531F865334001BFBCD /* CommentCell.swift in Sources */,
				0F3E84451F86234F001BFBCD /* ResponseLogin.swift in Sources */,
				0F4C63451F851BE4002015EF /* Lesson.swift in Sources */,
				0F3E844B1F862CDB001BFBCD /* Content.swift in Sources */,
				0F8D2FBE1F851954009810A1 /* SubjectCollectionViewCell.swift in Sources */,
				0F8D2FAC1F850E7A009810A1 /* HomeVC.swift in Sources */,
				0F4C634E1F852560002015EF /* UITableView.swift in Sources */,
				0F9E0BEC1F854532000542DE /* CommentVC.swift in Sources */,
				0F3E84411F861449001BFBCD /* SearchStudentVC.swift in Sources */,
				0F8D2FB51F85137B009810A1 /* NSObject.swift in Sources */,
				0F51D11D1F86B5E900FD94DB /* DescriptionVC.swift in Sources */,
				0F3E843C1F8609A6001BFBCD /* UserInfoSaver.swift in Sources */,
				0F8D2FB81F851471009810A1 /* DefaultVC.swift in Sources */,
				0F8D2F991F850DAC009810A1 /* AppDelegate.swift in Sources */,
				0F4C63511F85266D002015EF /* DetailLessonVC.swift in Sources */,
				0F3E845B1F866B5E001BFBCD /* Specialty.swift in Sources */,
				0F3E84591F865EA0001BFBCD /* UIColor.swift in Sources */,
				0F8D2FBA1F85189D009810A1 /* Subject.swift in Sources */,
				0F8D2FB11F851336009810A1 /* LeftMenuVC.swift in Sources */,
				0F3E843E1F860A37001BFBCD /* User.swift in Sources */,
				0F3E844E1F86514B001BFBCD /* SearchStudentCell.swift in Sources */,
			);
			runOnlyForDeploymentPostprocessing = 0;
		};
/* End PBXSourcesBuildPhase section */

/* Begin PBXVariantGroup section */
		0F8D2FA11F850DAC009810A1 /* LaunchScreen.storyboard */ = {
			isa = PBXVariantGroup;
			children = (
				0F8D2FA21F850DAC009810A1 /* Base */,
			);
			name = LaunchScreen.storyboard;
			sourceTree = "<group>";
		};
/* End PBXVariantGroup section */

/* Begin XCBuildConfiguration section */
		0F8D2FA51F850DAC009810A1 /* Debug */ = {
			isa = XCBuildConfiguration;
			buildSettings = {
				ALWAYS_SEARCH_USER_PATHS = NO;
				CLANG_ANALYZER_NONNULL = YES;
				CLANG_ANALYZER_NUMBER_OBJECT_CONVERSION = YES_AGGRESSIVE;
				CLANG_CXX_LANGUAGE_STANDARD = "gnu++14";
				CLANG_CXX_LIBRARY = "libc++";
				CLANG_ENABLE_MODULES = YES;
				CLANG_ENABLE_OBJC_ARC = YES;
				CLANG_WARN_BLOCK_CAPTURE_AUTORELEASING = YES;
				CLANG_WARN_BOOL_CONVERSION = YES;
				CLANG_WARN_COMMA = YES;
				CLANG_WARN_CONSTANT_CONVERSION = YES;
				CLANG_WARN_DIRECT_OBJC_ISA_USAGE = YES_ERROR;
				CLANG_WARN_DOCUMENTATION_COMMENTS = YES;
				CLANG_WARN_EMPTY_BODY = YES;
				CLANG_WARN_ENUM_CONVERSION = YES;
				CLANG_WARN_INFINITE_RECURSION = YES;
				CLANG_WARN_INT_CONVERSION = YES;
				CLANG_WARN_NON_LITERAL_NULL_CONVERSION = YES;
				CLANG_WARN_OBJC_LITERAL_CONVERSION = YES;
				CLANG_WARN_OBJC_ROOT_CLASS = YES_ERROR;
				CLANG_WARN_RANGE_LOOP_ANALYSIS = YES;
				CLANG_WARN_STRICT_PROTOTYPES = YES;
				CLANG_WARN_SUSPICIOUS_MOVE = YES;
				CLANG_WARN_UNGUARDED_AVAILABILITY = YES_AGGRESSIVE;
				CLANG_WARN_UNREACHABLE_CODE = YES;
				CLANG_WARN__DUPLICATE_METHOD_MATCH = YES;
				CODE_SIGN_IDENTITY = "iPhone Developer";
				COPY_PHASE_STRIP = NO;
				DEBUG_INFORMATION_FORMAT = dwarf;
				ENABLE_STRICT_OBJC_MSGSEND = YES;
				ENABLE_TESTABILITY = YES;
				GCC_C_LANGUAGE_STANDARD = gnu11;
				GCC_DYNAMIC_NO_PIC = NO;
				GCC_NO_COMMON_BLOCKS = YES;
				GCC_OPTIMIZATION_LEVEL = 0;
				GCC_PREPROCESSOR_DEFINITIONS = (
					"DEBUG=1",
					"$(inherited)",
				);
				GCC_WARN_64_TO_32_BIT_CONVERSION = YES;
				GCC_WARN_ABOUT_RETURN_TYPE = YES_ERROR;
				GCC_WARN_UNDECLARED_SELECTOR = YES;
				GCC_WARN_UNINITIALIZED_AUTOS = YES_AGGRESSIVE;
				GCC_WARN_UNUSED_FUNCTION = YES;
				GCC_WARN_UNUSED_VARIABLE = YES;
				IPHONEOS_DEPLOYMENT_TARGET = 9.0;
				MTL_ENABLE_DEBUG_INFO = YES;
				ONLY_ACTIVE_ARCH = YES;
				SDKROOT = iphoneos;
				SWIFT_ACTIVE_COMPILATION_CONDITIONS = DEBUG;
				SWIFT_OPTIMIZATION_LEVEL = "-Onone";
			};
			name = Debug;
		};
		0F8D2FA61F850DAC009810A1 /* Release */ = {
			isa = XCBuildConfiguration;
			buildSettings = {
				ALWAYS_SEARCH_USER_PATHS = NO;
				CLANG_ANALYZER_NONNULL = YES;
				CLANG_ANALYZER_NUMBER_OBJECT_CONVERSION = YES_AGGRESSIVE;
				CLANG_CXX_LANGUAGE_STANDARD = "gnu++14";
				CLANG_CXX_LIBRARY = "libc++";
				CLANG_ENABLE_MODULES = YES;
				CLANG_ENABLE_OBJC_ARC = YES;
				CLANG_WARN_BLOCK_CAPTURE_AUTORELEASING = YES;
				CLANG_WARN_BOOL_CONVERSION = YES;
				CLANG_WARN_COMMA = YES;
				CLANG_WARN_CONSTANT_CONVERSION = YES;
				CLANG_WARN_DIRECT_OBJC_ISA_USAGE = YES_ERROR;
				CLANG_WARN_DOCUMENTATION_COMMENTS = YES;
				CLANG_WARN_EMPTY_BODY = YES;
				CLANG_WARN_ENUM_CONVERSION = YES;
				CLANG_WARN_INFINITE_RECURSION = YES;
				CLANG_WARN_INT_CONVERSION = YES;
				CLANG_WARN_NON_LITERAL_NULL_CONVERSION = YES;
				CLANG_WARN_OBJC_LITERAL_CONVERSION = YES;
				CLANG_WARN_OBJC_ROOT_CLASS = YES_ERROR;
				CLANG_WARN_RANGE_LOOP_ANALYSIS = YES;
				CLANG_WARN_STRICT_PROTOTYPES = YES;
				CLANG_WARN_SUSPICIOUS_MOVE = YES;
				CLANG_WARN_UNGUARDED_AVAILABILITY = YES_AGGRESSIVE;
				CLANG_WARN_UNREACHABLE_CODE = YES;
				CLANG_WARN__DUPLICATE_METHOD_MATCH = YES;
				CODE_SIGN_IDENTITY = "iPhone Developer";
				COPY_PHASE_STRIP = NO;
				DEBUG_INFORMATION_FORMAT = "dwarf-with-dsym";
				ENABLE_NS_ASSERTIONS = NO;
				ENABLE_STRICT_OBJC_MSGSEND = YES;
				GCC_C_LANGUAGE_STANDARD = gnu11;
				GCC_NO_COMMON_BLOCKS = YES;
				GCC_WARN_64_TO_32_BIT_CONVERSION = YES;
				GCC_WARN_ABOUT_RETURN_TYPE = YES_ERROR;
				GCC_WARN_UNDECLARED_SELECTOR = YES;
				GCC_WARN_UNINITIALIZED_AUTOS = YES_AGGRESSIVE;
				GCC_WARN_UNUSED_FUNCTION = YES;
				GCC_WARN_UNUSED_VARIABLE = YES;
				IPHONEOS_DEPLOYMENT_TARGET = 9.0;
				MTL_ENABLE_DEBUG_INFO = NO;
				SDKROOT = iphoneos;
				SWIFT_OPTIMIZATION_LEVEL = "-Owholemodule";
				VALIDATE_PRODUCT = YES;
			};
			name = Release;
		};
		0F8D2FA81F850DAC009810A1 /* Debug */ = {
			isa = XCBuildConfiguration;
			baseConfigurationReference = A0DBED7B63CC484EEC467A99 /* Pods-weShare.debug.xcconfig */;
			buildSettings = {
				ASSETCATALOG_COMPILER_APPICON_NAME = AppIcon;
				CODE_SIGN_STYLE = Automatic;
				INFOPLIST_FILE = weShare/Info.plist;
				IPHONEOS_DEPLOYMENT_TARGET = 9.0;
				LD_RUNPATH_SEARCH_PATHS = "$(inherited) @executable_path/Frameworks";
				PRODUCT_BUNDLE_IDENTIFIER = serey.weShare;
				PRODUCT_NAME = "$(TARGET_NAME)";
				SWIFT_VERSION = 3.0;
				TARGETED_DEVICE_FAMILY = "1,2";
			};
			name = Debug;
		};
		0F8D2FA91F850DAC009810A1 /* Release */ = {
			isa = XCBuildConfiguration;
			baseConfigurationReference = E2045E441683979471D6B299 /* Pods-weShare.release.xcconfig */;
			buildSettings = {
				ASSETCATALOG_COMPILER_APPICON_NAME = AppIcon;
				CODE_SIGN_STYLE = Automatic;
				INFOPLIST_FILE = weShare/Info.plist;
				IPHONEOS_DEPLOYMENT_TARGET = 9.0;
				LD_RUNPATH_SEARCH_PATHS = "$(inherited) @executable_path/Frameworks";
				PRODUCT_BUNDLE_IDENTIFIER = serey.weShare;
				PRODUCT_NAME = "$(TARGET_NAME)";
				SWIFT_VERSION = 3.0;
				TARGETED_DEVICE_FAMILY = "1,2";
			};
			name = Release;
		};
/* End XCBuildConfiguration section */

/* Begin XCConfigurationList section */
		0F8D2F901F850DAC009810A1 /* Build configuration list for PBXProject "weShare" */ = {
			isa = XCConfigurationList;
			buildConfigurations = (
				0F8D2FA51F850DAC009810A1 /* Debug */,
				0F8D2FA61F850DAC009810A1 /* Release */,
			);
			defaultConfigurationIsVisible = 0;
			defaultConfigurationName = Release;
		};
		0F8D2FA71F850DAC009810A1 /* Build configuration list for PBXNativeTarget "weShare" */ = {
			isa = XCConfigurationList;
			buildConfigurations = (
				0F8D2FA81F850DAC009810A1 /* Debug */,
				0F8D2FA91F850DAC009810A1 /* Release */,
			);
			defaultConfigurationIsVisible = 0;
			defaultConfigurationName = Release;
		};
/* End XCConfigurationList section */
	};
	rootObject = 0F8D2F8D1F850DAC009810A1 /* Project object */;
}
